
Microsoft Visual Studio Solution File, Format Version 12.00
# Visual Studio Version 17
VisualStudioVersion = 17.13.35931.197
MinimumVisualStudioVersion = 10.0.40219.1
Project("{FAE04EC0-301F-11D3-BF4B-00C04F79EFBC}") = "UnicodeTyping", "UnicodeTyping\UnicodeTyping.csproj", "{E7628691-8D35-46DC-A458-85A78DD8855B}"
EndProject
Global
	GlobalSection(SolutionConfigurationPlatforms) = preSolution
		Debug|Any CPU = Debug|Any CPU
		Release|Any CPU = Release|Any CPU
	EndGlobalSection
	GlobalSection(ProjectConfigurationPlatforms) = postSolution
		{E7628691-8D35-46DC-A458-85A78DD8855B}.Debug|Any CPU.ActiveCfg = Debug|Any CPU
		{E7628691-8D35-46DC-A458-85A78DD8855B}.Debug|Any CPU.Build.0 = Debug|Any CPU
		{E7628691-8D35-46DC-A458-85A78DD8855B}.Release|Any CPU.ActiveCfg = Release|Any CPU
		{E7628691-8D35-46DC-A458-85A78DD8855B}.Release|Any CPU.Build.0 = Release|Any CPU
	EndGlobalSection
	GlobalSection(SolutionProperties) = preSolution
		HideSolutionNode = FALSE
	EndGlobalSection
	GlobalSection(ExtensibilityGlobals) = postSolution
		SolutionGuid = {C12D4BE0-5998-4AD2-A94B-352BD7213DF4}
	EndGlobalSection
EndGlobal
